
Microsoft Visual Studio Solution File, Format Version 12.00
# Visual Studio 15
VisualStudioVersion = 15.0.28307.757
MinimumVisualStudioVersion = 10.0.40219.1
Project("{FAE04EC0-301F-11D3-BF4B-00C04F79EFBC}") = "PortfolioMVC5v3", "PortfolioMVC5v3\PortfolioMVC5v3.csproj", "{965DC783-849D-4272-88DA-8655EDCB9276}"
EndProject
Project("{FAE04EC0-301F-11D3-BF4B-00C04F79EFBC}") = "PortfolioMVC5v3Tests", "PortfolioMVC5v3Tests\PortfolioMVC5v3Tests.csproj", "{F2194026-8748-4319-9966-050EDB239095}"
EndProject
Global
	GlobalSection(SolutionConfigurationPlatforms) = preSolution
		Debug|Any CPU = Debug|Any CPU
		Release|Any CPU = Release|Any CPU
	EndGlobalSection
	GlobalSection(ProjectConfigurationPlatforms) = postSolution
		{965DC783-849D-4272-88DA-8655EDCB9276}.Debug|Any CPU.ActiveCfg = Debug|Any CPU
		{965DC783-849D-4272-88DA-8655EDCB9276}.Debug|Any CPU.Build.0 = Debug|Any CPU
		{965DC783-849D-4272-88DA-8655EDCB9276}.Release|Any CPU.ActiveCfg = Release|Any CPU
		{965DC783-849D-4272-88DA-8655EDCB9276}.Release|Any CPU.Build.0 = Release|Any CPU
		{F2194026-8748-4319-9966-050EDB239095}.Debug|Any CPU.ActiveCfg = Debug|Any CPU
		{F2194026-8748-4319-9966-050EDB239095}.Debug|Any CPU.Build.0 = Debug|Any CPU
		{F2194026-8748-4319-9966-050EDB239095}.Release|Any CPU.ActiveCfg = Release|Any CPU
		{F2194026-8748-4319-9966-050EDB239095}.Release|Any CPU.Build.0 = Release|Any CPU
	EndGlobalSection
	GlobalSection(SolutionProperties) = preSolution
		HideSolutionNode = FALSE
	EndGlobalSection
	GlobalSection(ExtensibilityGlobals) = postSolution
		SolutionGuid = {36F79F6E-BF01-455A-B551-E58A8F3658A2}
	EndGlobalSection
EndGlobal
